
Microsoft Visual Studio Solution File, Format Version 12.00
# Visual Studio Version 16
VisualStudioVersion = 16.0.32106.194
MinimumVisualStudioVersion = 10.0.40219.1
Project("{9A19103F-16F7-4668-BE54-9A1E7A4F7556}") = "OA.Data", "OA.Data\OA.Data.csproj", "{525C0D0C-3753-418D-B632-62AD14F58737}"
EndProject
Project("{9A19103F-16F7-4668-BE54-9A1E7A4F7556}") = "OA.Repo", "OA.Repo\OA.Repo.csproj", "{D87EAE36-B5D0-4BCD-812A-E489D9EC3166}"
EndProject
Project("{9A19103F-16F7-4668-BE54-9A1E7A4F7556}") = "OA.Service", "OA.Service\OA.Service.csproj", "{4E7714AA-4A66-48DD-8F45-F59DA0059F1C}"
	ProjectSection(ProjectDependencies) = postProject
		{525C0D0C-3753-418D-B632-62AD14F58737} = {525C0D0C-3753-418D-B632-62AD14F58737}
	EndProjectSection
EndProject
Global
	GlobalSection(SolutionConfigurationPlatforms) = preSolution
		Debug|Any CPU = Debug|Any CPU
		Release|Any CPU = Release|Any CPU
	EndGlobalSection
	GlobalSection(ProjectConfigurationPlatforms) = postSolution
		{525C0D0C-3753-418D-B632-62AD14F58737}.Debug|Any CPU.ActiveCfg = Debug|Any CPU
		{525C0D0C-3753-418D-B632-62AD14F58737}.Debug|Any CPU.Build.0 = Debug|Any CPU
		{525C0D0C-3753-418D-B632-62AD14F58737}.Release|Any CPU.ActiveCfg = Release|Any CPU
		{525C0D0C-3753-418D-B632-62AD14F58737}.Release|Any CPU.Build.0 = Release|Any CPU
		{D87EAE36-B5D0-4BCD-812A-E489D9EC3166}.Debug|Any CPU.ActiveCfg = Debug|Any CPU
		{D87EAE36-B5D0-4BCD-812A-E489D9EC3166}.Debug|Any CPU.Build.0 = Debug|Any CPU
		{D87EAE36-B5D0-4BCD-812A-E489D9EC3166}.Release|Any CPU.ActiveCfg = Release|Any CPU
		{D87EAE36-B5D0-4BCD-812A-E489D9EC3166}.Release|Any CPU.Build.0 = Release|Any CPU
		{4E7714AA-4A66-48DD-8F45-F59DA0059F1C}.Debug|Any CPU.ActiveCfg = Debug|Any CPU
		{4E7714AA-4A66-48DD-8F45-F59DA0059F1C}.Debug|Any CPU.Build.0 = Debug|Any CPU
		{4E7714AA-4A66-48DD-8F45-F59DA0059F1C}.Release|Any CPU.ActiveCfg = Release|Any CPU
		{4E7714AA-4A66-48DD-8F45-F59DA0059F1C}.Release|Any CPU.Build.0 = Release|Any CPU
	EndGlobalSection
	GlobalSection(SolutionProperties) = preSolution
		HideSolutionNode = FALSE
	EndGlobalSection
	GlobalSection(ExtensibilityGlobals) = postSolution
		SolutionGuid = {3DD55E5F-ED2F-419E-8178-21CECA8B1776}
	EndGlobalSection
EndGlobal
